
Microsoft Visual Studio Solution File, Format Version 11.00
# Visual Studio 2010
Project("{E24C65DC-7377-472B-9ABA-BC803B73C61A}") = "NonesuchWeb", "NonesuchWeb\", "{B8F8317F-29FF-416B-AE2A-524A65336B4F}"
	ProjectSection(WebsiteProperties) = preProject
		TargetFrameworkMoniker = ".NETFramework,Version%3Dv3.5"
		Debug.AspNetCompiler.VirtualPath = "/NonesuchWeb"
		Debug.AspNetCompiler.PhysicalPath = "NonesuchWeb\"
		Debug.AspNetCompiler.TargetPath = "PrecompiledWeb\NonesuchWeb\"
		Debug.AspNetCompiler.Updateable = "true"
		Debug.AspNetCompiler.ForceOverwrite = "true"
		Debug.AspNetCompiler.FixedNames = "false"
		Debug.AspNetCompiler.Debug = "True"
		Release.AspNetCompiler.VirtualPath = "/NonesuchWeb"
		Release.AspNetCompiler.PhysicalPath = "NonesuchWeb\"
		Release.AspNetCompiler.TargetPath = "PrecompiledWeb\NonesuchWeb\"
		Release.AspNetCompiler.Updateable = "true"
		Release.AspNetCompiler.ForceOverwrite = "true"
		Release.AspNetCompiler.FixedNames = "false"
		Release.AspNetCompiler.Debug = "False"
		VWDPort = "4038"
	EndProjectSection
EndProject
Global
	GlobalSection(SolutionConfigurationPlatforms) = preSolution
		Debug|Any CPU = Debug|Any CPU
	EndGlobalSection
	GlobalSection(ProjectConfigurationPlatforms) = postSolution
		{B8F8317F-29FF-416B-AE2A-524A65336B4F}.Debug|Any CPU.ActiveCfg = Debug|Any CPU
		{B8F8317F-29FF-416B-AE2A-524A65336B4F}.Debug|Any CPU.Build.0 = Debug|Any CPU
	EndGlobalSection
	GlobalSection(SolutionProperties) = preSolution
		HideSolutionNode = FALSE
	EndGlobalSection
EndGlobal
